
Microsoft Visual Studio Solution File, Format Version 12.00
# Visual Studio Version 16
VisualStudioVersion = 16.0.33027.164
MinimumVisualStudioVersion = 10.0.40219.1
Project("{9A19103F-16F7-4668-BE54-9A1E7A4F7556}") = "SearchAPI", "SearchAPI\SearchAPI.csproj", "{36B6C3DA-316A-4A01-825B-CB0181F97857}"
EndProject
Project("{FAE04EC0-301F-11D3-BF4B-00C04F79EFBC}") = "SearchAPITest", "SearchAPITest\SearchAPITest.csproj", "{61539DB9-0466-4D3F-AE21-7BF315D3419A}"
EndProject
Project("{FAE04EC0-301F-11D3-BF4B-00C04F79EFBC}") = "SearchAPIUserInterface", "SearchAPIUserInterface\SearchAPIUserInterface.csproj", "{DCF5C97B-2B18-47E2-A343-2CC07897B495}"
EndProject
Global
	GlobalSection(SolutionConfigurationPlatforms) = preSolution
		Debug|Any CPU = Debug|Any CPU
		Release|Any CPU = Release|Any CPU
	EndGlobalSection
	GlobalSection(ProjectConfigurationPlatforms) = postSolution
		{36B6C3DA-316A-4A01-825B-CB0181F97857}.Debug|Any CPU.ActiveCfg = Debug|Any CPU
		{36B6C3DA-316A-4A01-825B-CB0181F97857}.Debug|Any CPU.Build.0 = Debug|Any CPU
		{36B6C3DA-316A-4A01-825B-CB0181F97857}.Release|Any CPU.ActiveCfg = Release|Any CPU
		{36B6C3DA-316A-4A01-825B-CB0181F97857}.Release|Any CPU.Build.0 = Release|Any CPU
		{61539DB9-0466-4D3F-AE21-7BF315D3419A}.Debug|Any CPU.ActiveCfg = Debug|Any CPU
		{61539DB9-0466-4D3F-AE21-7BF315D3419A}.Debug|Any CPU.Build.0 = Debug|Any CPU
		{61539DB9-0466-4D3F-AE21-7BF315D3419A}.Release|Any CPU.ActiveCfg = Release|Any CPU
		{61539DB9-0466-4D3F-AE21-7BF315D3419A}.Release|Any CPU.Build.0 = Release|Any CPU
		{DCF5C97B-2B18-47E2-A343-2CC07897B495}.Debug|Any CPU.ActiveCfg = Debug|Any CPU
		{DCF5C97B-2B18-47E2-A343-2CC07897B495}.Debug|Any CPU.Build.0 = Debug|Any CPU
		{DCF5C97B-2B18-47E2-A343-2CC07897B495}.Release|Any CPU.ActiveCfg = Release|Any CPU
		{DCF5C97B-2B18-47E2-A343-2CC07897B495}.Release|Any CPU.Build.0 = Release|Any CPU
	EndGlobalSection
	GlobalSection(SolutionProperties) = preSolution
		HideSolutionNode = FALSE
	EndGlobalSection
	GlobalSection(ExtensibilityGlobals) = postSolution
		SolutionGuid = {B904ED8C-0F7F-4088-97CA-76FB827A44AA}
	EndGlobalSection
EndGlobal
